# This file is autogenerated, do not edit; changes may be undone by the next 'dep ensure'.


[[projects]]
  digest = "1:57a09a09c455f983f5bc27d0c718dac061e6401cc1fbd9a721f43cce30879d68"
  name = "github.com/dunzoit/dunzo_commons"
  packages = [
    "go_commons/common-utils/common_dtos",
    "go_commons/common-utils/common_logger",
    "go_commons/common-utils/id_generator",
    "go_commons/common-utils/service_commons/newrelic",
  ]
  pruneopts = "UT"
  revision = "9cbff3f89ce8da94bfd0527fc2f71f6ae0be7474"
  version = "v3.3.1"

[[projects]]
  digest = "1:f29204be641740ae7490930a654d36384999f6991059c4988bfd5d7389726dba"
  name = "github.com/dunzoit/froyo"
  packages = ["logger"]
  pruneopts = "UT"
  revision = "b72ff9c67e1373730ca03e8b333fc9f38e5d8374"
  version = "v1.0.1"

[[projects]]
  digest = "1:2b64581854ae098705f77c94def899a7ecc598042b256ac66b496299d40f6603"
  name = "github.com/felixge/httpsnoop"
  packages = ["."]
  pruneopts = "UT"
  revision = "42c30f944879059639bcf7b2ca4aba06f4a83198"
  version = "v1.0.2"

[[projects]]
  digest = "1:80057945464ffb5b0da1f026beb8df0e8dbd098eaf771a349291bed2cd29a83e"
  name = "github.com/fsnotify/fsnotify"
  packages = ["."]
  pruneopts = "UT"
  revision = "45d7d09e39ef4ac08d493309fa031790c15bfe8a"
  version = "v1.4.9"

[[projects]]
  digest = "1:05491c80d53888b8cc22e7949c5db1b8ddbfca9e46c2b552ca58f78eaa7bba9f"
  name = "github.com/getsentry/sentry-go"
  packages = [
    ".",
    "http",
    "internal/crypto/randutil",
    "internal/debug",
    "internal/ratelimit",
  ]
  pruneopts = "UT"
  revision = "8505791d2fe48cd64b8811354f1f1ad49e319fbf"
  version = "v0.11.0"

[[projects]]
  digest = "1:586ea76dbd0374d6fb649a91d70d652b7fe0ccffb8910a77468e7702e7901f3d"
  name = "github.com/go-stack/stack"
  packages = ["."]
  pruneopts = "UT"
  revision = "2fee6af1a9795aafbe0253a0cfbdf668e1fb8a9a"
  version = "v1.8.0"

[[projects]]
  digest = "1:66ff02b29a90cd2ebeab18c1ebc090543585dc977001bb6ee03a7cadbe5a2828"
  name = "github.com/golang/snappy"
  packages = ["."]
  pruneopts = "UT"
  revision = "544b4180ac705b7605231d4a4550a1acb22a19fe"
  version = "v0.0.4"

[[projects]]
  digest = "1:bbba45b09b3b502dc39afb36c3e9f89b9c2832b1f6d673277c97eade8875e462"
  name = "github.com/google/uuid"
  packages = ["."]
  pruneopts = "UT"
  revision = "44b5fee7c49cf3bcdf723f106b36d56ef13ccc88"
  version = "v1.3.0"

[[projects]]
  digest = "1:9ff256c9dfa28d8fe056cce6babbd529862b0c340710c62881b80368b5bd5bbf"
  name = "github.com/gorilla/handlers"
  packages = ["."]
  pruneopts = "UT"
  revision = "d453effd20e6817a8acfd9d278dadd21371da0ba"
  version = "v1.5.1"

[[projects]]
  digest = "1:6078383dbb7405bfa3ce16957f37564e3b716afa29b6eb45ffdb6674624d1e0d"
  name = "github.com/gorilla/mux"
  packages = ["."]
  pruneopts = "UT"
  revision = "98cb6bf42e086f6af920b965c38cacc07402d51b"
  version = "v1.8.0"

[[projects]]
  digest = "1:c0d19ab64b32ce9fe5cf4ddceba78d5bc9807f0016db6b1183599da3dcc24d10"
  name = "github.com/hashicorp/hcl"
  packages = [
    ".",
    "hcl/ast",
    "hcl/parser",
    "hcl/printer",
    "hcl/scanner",
    "hcl/strconv",
    "hcl/token",
    "json/parser",
    "json/scanner",
    "json/token",
  ]
  pruneopts = "UT"
  revision = "8cb6e5b959231cc1119e43259c4a608f9c51a241"
  version = "v1.0.0"

[[projects]]
  digest = "1:b14eabc18c10499a4fef57256a04fb35a0a7e68b6101d857d70841aac59a1c86"
  name = "github.com/klauspost/compress"
  packages = [
    ".",
    "fse",
    "huff0",
    "zstd",
    "zstd/internal/xxhash",
  ]
  pruneopts = "UT"
  revision = "6c2ac28c4d87d3208a576e17abb803e809a0558f"
  version = "v1.13.3"

[[projects]]
  digest = "1:03d538738f78db8960b276c8cc1b90f53809290831a8daea2ceeaeccccbc585a"
  name = "github.com/magiconair/properties"
  packages = ["."]
  pruneopts = "UT"
  revision = "291b8266af1000c77a12ae6d4dde1145a028012f"
  version = "v1.8.5"

[[projects]]
  digest = "1:2a3c9556884d94bdbcdcdc62350f8cf466cf7eb39669fe7a0640f2600f61ceaf"
  name = "github.com/mitchellh/mapstructure"
  packages = ["."]
  pruneopts = "UT"
  revision = "8ebf2d61a8b4adcce25fc9fc9b76e8452a00672f"
  version = "v1.4.1"

[[projects]]
  digest = "1:aa7ae6bf39144125d84c554df3d6ec34b4d536f8bec69a677d3e535f757d8ca9"
  name = "github.com/newrelic/go-agent"
  packages = [
    ".",
    "_integrations/nrlogrus",
    "internal",
    "internal/cat",
    "internal/jsonx",
    "internal/logger",
    "internal/sysinfo",
    "internal/utilization",
  ]
  pruneopts = "UT"
  revision = "88a31e176eefc082a2e858000b3aa1752c2e9ec8"
  version = "v3.14.1"

[[projects]]
  digest = "1:fc865e52c574a92a628aee6cc4fb6b78f2bd2becf121881a1d6d1cfc6fb86b33"
  name = "github.com/pelletier/go-toml"
  packages = ["."]
  pruneopts = "UT"
  revision = "8e44986c28d58aefff6125e52814ed1eb7eb0a6a"
  version = "v1.9.3"

[[projects]]
  digest = "1:9e1d37b58d17113ec3cb5608ac0382313c5b59470b94ed97d0976e69c7022314"
  name = "github.com/pkg/errors"
  packages = ["."]
  pruneopts = "UT"
  revision = "614d223910a179a466c1767a985424175c39b465"
  version = "v0.9.1"

[[projects]]
  digest = "1:274f67cb6fed9588ea2521ecdac05a6d62a8c51c074c1fccc6a49a40ba80e925"
  name = "github.com/satori/go.uuid"
  packages = ["."]
  pruneopts = "UT"
  revision = "f58768cc1a7a7e77a3bd49e98cdd21419399b6a3"
  version = "v1.2.0"

[[projects]]
  digest = "1:819b22a75ddd43c69965c9582dcab34a077f2d3f543bf8832126b275ea6953e6"
  name = "github.com/sirupsen/logrus"
  packages = ["."]
  pruneopts = "UT"
  revision = "bdc0db8ead3853c56b7cd1ac2ba4e11b47d7da6b"
  version = "v1.8.1"

[[projects]]
  digest = "1:9892d658619bf7f315a58e16a11abfe4aa26cca56d45441e8cc2bb25d4641b89"
  name = "github.com/spf13/afero"
  packages = [
    ".",
    "mem",
  ]
  pruneopts = "UT"
  revision = "bc94f58beda5dbff6f74599fcb1f1717c5b1c111"
  version = "v1.6.0"

[[projects]]
  digest = "1:c17a294d4c5c43c8c654317c1569890647f3b9d950fec7b7d304ee24fd07a59a"
  name = "github.com/spf13/cast"
  packages = ["."]
  pruneopts = "UT"
  revision = "3f42935ca945b3f2ebbcd8eede51188b7e235a82"
  version = "v1.4.0"

[[projects]]
  digest = "1:1b753ec16506f5864d26a28b43703c58831255059644351bbcb019b843950900"
  name = "github.com/spf13/jwalterweatherman"
  packages = ["."]
  pruneopts = "UT"
  revision = "94f6ae3ed3bceceafa716478c5fbf8d29ca601a1"
  version = "v1.1.0"

[[projects]]
  digest = "1:524b71991fc7d9246cc7dc2d9e0886ccb97648091c63e30eef619e6862c955dd"
  name = "github.com/spf13/pflag"
  packages = ["."]
  pruneopts = "UT"
  revision = "2e9d26c8c37aae03e3f9d4e90b7116f5accb7cab"
  version = "v1.0.5"

[[projects]]
  digest = "1:16cf87f69e56e51607d032a5362fca2de08cdf58aab5bfd08eddeb96151b4181"
  name = "github.com/spf13/viper"
  packages = ["."]
  pruneopts = "UT"
  revision = "bd038658992ae06c6ccf069a5b4bebe432602d0f"
  version = "v1.8.1"

[[projects]]
  digest = "1:f4b32291cad5efac2bfdba89ccde6aa04618b62ce06c1a571da2dc4f3f2677fb"
  name = "github.com/subosito/gotenv"
  packages = ["."]
  pruneopts = "UT"
  revision = "2ef7124db659d49edac6aa459693a15ae36c671a"
  version = "v1.2.0"

[[projects]]
  digest = "1:0e4d997532a1c11d2eb65a228c63f988c7be708125a315c68e9783284ba526bb"
  name = "github.com/xdg-go/pbkdf2"
  packages = ["."]
  pruneopts = "UT"
  revision = "7f452ef1dac88350356f1bb84a23748205e64b96"
  version = "v1.0.0"

[[projects]]
  digest = "1:65d7c0fbf88c260d710799326b9c1489d9e23ee31c4cf6fa177e356db296626b"
  name = "github.com/xdg-go/scram"
  packages = ["."]
  pruneopts = "UT"
  revision = "2ad501880a7f7bcc9af290278baa3658c9a2f2cd"
  version = "v1.0.2"

[[projects]]
  digest = "1:7efa049f6227cbe37fb4254ed2b36bafc165010125f6e12f537a4416a947bcdd"
  name = "github.com/xdg-go/stringprep"
  packages = ["."]
  pruneopts = "UT"
  revision = "4fcaaf19bc2a8e388ba275a82eb34c29abcd0bc9"
  version = "v1.0.2"

[[projects]]
  digest = "1:1c81a3a4880ad32382ab73d8bf43eb9a75132a9055354cd08f492fea9b2e4598"
  name = "github.com/youmark/pkcs8"
  packages = ["."]
  pruneopts = "UT"
  revision = "1be2e3e5546da8a58903ff4adcfab015022538ea"
  version = "v1.1"

[[projects]]
  digest = "1:08bdbc14c9b7fcfa6cdfb7155b15219e909b032ad62c495caae82000a5d1ee9d"
  name = "go.mongodb.org/mongo-driver"
  packages = [
    "bson",
    "bson/bsoncodec",
    "bson/bsonoptions",
    "bson/bsonrw",
    "bson/bsontype",
    "bson/primitive",
    "event",
    "internal",
    "mongo",
    "mongo/address",
    "mongo/description",
    "mongo/options",
    "mongo/readconcern",
    "mongo/readpref",
    "mongo/writeconcern",
    "tag",
    "version",
    "x/bsonx",
    "x/bsonx/bsoncore",
    "x/mongo/driver",
    "x/mongo/driver/auth",
    "x/mongo/driver/auth/internal/awsv4",
    "x/mongo/driver/auth/internal/gssapi",
    "x/mongo/driver/connstring",
    "x/mongo/driver/dns",
    "x/mongo/driver/mongocrypt",
    "x/mongo/driver/mongocrypt/options",
    "x/mongo/driver/ocsp",
    "x/mongo/driver/operation",
    "x/mongo/driver/session",
    "x/mongo/driver/topology",
    "x/mongo/driver/uuid",
    "x/mongo/driver/wiremessage",
  ]
  pruneopts = "UT"
  revision = "9e49b5bdd709ca89dad07357876ee04871074f62"
  version = "v1.7.1"

[[projects]]
  digest = "1:4306d6fbe32c56aa4808c78118ab2dd03c5b52f471fea11b23377f4e2bc4f48a"
  name = "go.uber.org/atomic"
  packages = ["."]
  pruneopts = "UT"
  revision = "3504dfaa1fa414923b1c8693f45d2f6931daf229"
  version = "v1.9.0"

[[projects]]
  digest = "1:ac2df12a5ec74e2ed232bf110e3a27ddb06760d6d5884920f47f91f22e1f8742"
  name = "go.uber.org/multierr"
  packages = ["."]
  pruneopts = "UT"
  revision = "a5cd5509686189240486545be669e1dff9b98dcf"
  version = "v1.7.0"

[[projects]]
  digest = "1:10f589a594fbabd716aa95c656b620309743e7a2fa2e94a4f93e86333a475980"
  name = "go.uber.org/zap"
  packages = [
    ".",
    "buffer",
    "internal/bufferpool",
    "internal/color",
    "internal/exit",
    "zapcore",
  ]
  pruneopts = "UT"
  revision = "120b08c8fae5be92bc7323ca78b25cd790e8c37a"
  version = "v1.18.1"

[[projects]]
  branch = "master"
  digest = "1:32bf73bb071fd43ef0ad521dc191ec3879806bb45c47849b246a5e7fdda319e4"
  name = "golang.org/x/crypto"
  packages = [
    "ocsp",
    "pbkdf2",
  ]
  pruneopts = "UT"
  revision = "a769d52b0f97a420f3dcafc17f8b3384217859a2"

[[projects]]
  branch = "master"
  digest = "1:ec98ab215ad6fe290c86fe0c15b73684dd44680fc7b131fc1e0398b8dd5738f1"
  name = "golang.org/x/sync"
  packages = [
    "errgroup",
    "semaphore",
  ]
  pruneopts = "UT"
  revision = "036812b2e83c0ddf193dd5a34e034151da389d09"

[[projects]]
  branch = "master"
  digest = "1:dd690683b89852928c5372e9c9067d9859b4db8c44811f198ac136c0c81d8fb3"
  name = "golang.org/x/sys"
  packages = [
    "internal/unsafeheader",
    "unix",
    "windows",
  ]
  pruneopts = "UT"
  revision = "e5e7981a10699f0af2ffea4c0e0f542e447b2e4a"

[[projects]]
  digest = "1:f9333a716b0a022325ffa8831397bb719dff2283ad9a82d898d92dcd50781be2"
  name = "golang.org/x/text"
  packages = [
    "internal/gen",
    "internal/triegen",
    "internal/ucd",
    "transform",
    "unicode/cldr",
    "unicode/norm",
  ]
  pruneopts = "UT"
  revision = "e328d63cff14134669501e0e154e4f141c784322"
  version = "v0.3.6"

[[projects]]
  digest = "1:f7059e57af5fc848220ebfbfb61e4d333179a6a07e70bc01f7ae5bc873586537"
  name = "gopkg.in/ini.v1"
  packages = ["."]
  pruneopts = "UT"
  revision = "5e97220809ffaa826f787728501264e9114cb834"
  version = "v1.62.0"

[[projects]]
  digest = "1:5054a1f394226de9e6ddc47b0ba77e35092a4112f4a1cd9cb94aba1f5bdc3ec6"
  name = "gopkg.in/yaml.v2"
  packages = ["."]
  pruneopts = "UT"
  revision = "7649d4548cb53a614db133b2a8ac1f31859dda8c"
  version = "v2.4.0"

[solve-meta]
  analyzer-name = "dep"
  analyzer-version = 1
  input-imports = [
    "github.com/dunzoit/froyo/logger",
    "github.com/getsentry/sentry-go/http",
    "github.com/google/uuid",
    "github.com/gorilla/handlers",
    "github.com/gorilla/mux",
    "github.com/sirupsen/logrus",
    "go.mongodb.org/mongo-driver/bson",
    "go.mongodb.org/mongo-driver/mongo",
    "go.mongodb.org/mongo-driver/mongo/options",
  ]
  solver-name = "gps-cdcl"
  solver-version = 1
